
Microsoft Visual Studio Solution File, Format Version 12.00
# Visual Studio Version 16
VisualStudioVersion = 16.0.29201.188
MinimumVisualStudioVersion = 10.0.40219.1
Project("{8BC9CEB8-8B4A-11D0-8D11-00A0C91BC942}") = "ShaderCourseWithEmil", "ShaderCourseWithEmil\ShaderCourseWithEmil.vcxproj", "{31F6B463-371B-46C4-B855-0694E8F7CCE1}"
EndProject
Global
	GlobalSection(SolutionConfigurationPlatforms) = preSolution
		Debug|x64 = Debug|x64
		Debug|x86 = Debug|x86
		Release|x64 = Release|x64
		Release|x86 = Release|x86
	EndGlobalSection
	GlobalSection(ProjectConfigurationPlatforms) = postSolution
		{31F6B463-371B-46C4-B855-0694E8F7CCE1}.Debug|x64.ActiveCfg = Debug|x64
		{31F6B463-371B-46C4-B855-0694E8F7CCE1}.Debug|x64.Build.0 = Debug|x64
		{31F6B463-371B-46C4-B855-0694E8F7CCE1}.Debug|x86.ActiveCfg = Debug|Win32
		{31F6B463-371B-46C4-B855-0694E8F7CCE1}.Debug|x86.Build.0 = Debug|Win32
		{31F6B463-371B-46C4-B855-0694E8F7CCE1}.Release|x64.ActiveCfg = Release|x64
		{31F6B463-371B-46C4-B855-0694E8F7CCE1}.Release|x64.Build.0 = Release|x64
		{31F6B463-371B-46C4-B855-0694E8F7CCE1}.Release|x86.ActiveCfg = Release|Win32
		{31F6B463-371B-46C4-B855-0694E8F7CCE1}.Release|x86.Build.0 = Release|Win32
	EndGlobalSection
	GlobalSection(SolutionProperties) = preSolution
		HideSolutionNode = FALSE
	EndGlobalSection
	GlobalSection(ExtensibilityGlobals) = postSolution
		SolutionGuid = {9B63084D-AC36-4DEB-8297-D11F72DDB4C1}
	EndGlobalSection
EndGlobal
