<?xml version="1.0" encoding="utf-8"?>
<Project ToolsVersion="4.0" xmlns="http://schemas.microsoft.com/developer/msbuild/2003">
  <ItemGroup>
    <ClCompile Include="Code\main.cpp" />
    <ClCompile Include="Code\Material.cpp" />
    <ClCompile Include="Code\Mesh.cpp" />
    <ClCompile Include="Code\Transform.cpp" />
    <ClCompile Include="Code\Texture.cpp" />
    <ClCompile Include="Code\Camera.cpp" />
    <ClCompile Include="Code\FrameBuffer.cpp" />
    <ClCompile Include="Code\CubeMap.cpp" />
    <ClCompile Include="Code\PointLight.cpp" />
    <ClCompile Include="Code\SpotLight.cpp" />
  </ItemGroup>
  <ItemGroup>
    <Library Include="Libs\glfw3.lib" />
    <Library Include="Libs\glew32s.lib" />
    <Library Include="Libs\SOIL.lib" />
  </ItemGroup>
  <ItemGroup>
    <ClInclude Include="Include\GLFW\glfw3.h" />
    <ClInclude Include="Include\GLFW\glfw3native.h" />
    <ClInclude Include="Include\SOIL.h" />
    <ClInclude Include="Include\GL\wglew.h" />
    <ClInclude Include="Include\GL\eglew.h" />
    <ClInclude Include="Include\GL\glew.h" />
    <ClInclude Include="Include\GL\glxew.h" />
    <ClInclude Include="Code\Material.h" />
    <ClInclude Include="Code\Mesh.h" />
    <ClInclude Include="Code\Transform.h" />
    <ClInclude Include="Code\Texture.h" />
    <ClInclude Include="Code\Camera.h" />
    <ClInclude Include="Code\FrameBuffer.h" />
    <ClInclude Include="Code\Screen.h" />
    <ClInclude Include="Code\CubeMap.h" />
    <ClInclude Include="Code\PointLight.h" />
    <ClInclude Include="Code\SpotLight.h" />
  </ItemGroup>
</Project>